
Microsoft Visual Studio Solution File, Format Version 12.00
# Visual Studio Version 17
VisualStudioVersion = 17.4.33205.214
MinimumVisualStudioVersion = 10.0.40219.1
Project("{FAE04EC0-301F-11D3-BF4B-00C04F79EFBC}") = "MeasureDuringDevelopment", "MeasureDuringDevelopment\MeasureDuringDevelopment.csproj", "{87CD0099-25FF-4F8B-A316-4BB1F4788E11}"
EndProject
Global
	GlobalSection(SolutionConfigurationPlatforms) = preSolution
		Debug|Any CPU = Debug|Any CPU
		Release|Any CPU = Release|Any CPU
	EndGlobalSection
	GlobalSection(ProjectConfigurationPlatforms) = postSolution
		{87CD0099-25FF-4F8B-A316-4BB1F4788E11}.Debug|Any CPU.ActiveCfg = Debug|Any CPU
		{87CD0099-25FF-4F8B-A316-4BB1F4788E11}.Debug|Any CPU.Build.0 = Debug|Any CPU
		{87CD0099-25FF-4F8B-A316-4BB1F4788E11}.Release|Any CPU.ActiveCfg = Release|Any CPU
		{87CD0099-25FF-4F8B-A316-4BB1F4788E11}.Release|Any CPU.Build.0 = Release|Any CPU
	EndGlobalSection
	GlobalSection(SolutionProperties) = preSolution
		HideSolutionNode = FALSE
	EndGlobalSection
	GlobalSection(ExtensibilityGlobals) = postSolution
		SolutionGuid = {CB53911D-70EB-424A-B883-2FB0C99AE5D6}
	EndGlobalSection
EndGlobal
